
Microsoft Visual Studio Solution File, Format Version 12.00
# Visual Studio Version 17
VisualStudioVersion = 17.0.31903.59
MinimumVisualStudioVersion = 10.0.40219.1
Project("{2150E333-8FDC-42A3-9474-1A3956D46DE8}") = "src", "src", "{0581F00E-C99B-49A7-B9CA-B9F354E1B7A8}"
EndProject
Project("{FAE04EC0-301F-11D3-BF4B-00C04F79EFBC}") = "PayrollApprovalSystem.Domain", "src\PayrollApprovalSystem.Domain\PayrollApprovalSystem.Domain.csproj", "{EF981681-8A83-4417-A066-C86A9B32C77D}"
EndProject
Project("{FAE04EC0-301F-11D3-BF4B-00C04F79EFBC}") = "PayrollApprovalSystem.Application", "src\PayrollApprovalSystem.Application\PayrollApprovalSystem.Application.csproj", "{91A0F4E4-1010-4A7C-A59D-431A0F19D18D}"
EndProject
Project("{FAE04EC0-301F-11D3-BF4B-00C04F79EFBC}") = "PayrollApprovalSystem.Api", "src\PayrollApprovalSystem.Api\PayrollApprovalSystem.Api.csproj", "{DE2E9329-4E20-4CA0-9FDE-2C29D49D7FC8}"
EndProject
Project("{FAE04EC0-301F-11D3-BF4B-00C04F79EFBC}") = "PayrollApprovalSystem.Infrastructure", "src\PayrollApprovalSystem.Infrastructure\PayrollApprovalSystem.Infrastructure.csproj", "{AE3D4126-0B29-4F22-9983-11CE53821B0D}"
EndProject
Project("{2150E333-8FDC-42A3-9474-1A3956D46DE8}") = "tests", "tests", "{63A1A41E-F1BE-45F3-871B-02C2B58297A3}"
EndProject
Project("{FAE04EC0-301F-11D3-BF4B-00C04F79EFBC}") = "PayrollApprovalSystem.Domain.Tests", "tests\PayrollApprovalSystem.Domain.Tests\PayrollApprovalSystem.Domain.Tests.csproj", "{F0B42B1E-2F0D-411E-86CC-A332D15B3DB5}"
EndProject
Project("{FAE04EC0-301F-11D3-BF4B-00C04F79EFBC}") = "PayrollApprovalSystem.Infrastructure.Tests", "tests\PayrollApprovalSystem.Infrastructure.Tests\PayrollApprovalSystem.Infrastructure.Tests.csproj", "{5D4D1C18-596D-43E6-9D13-DD50D9E2194E}"
EndProject
Global
	GlobalSection(SolutionConfigurationPlatforms) = preSolution
		Debug|Any CPU = Debug|Any CPU
		Release|Any CPU = Release|Any CPU
	EndGlobalSection
	GlobalSection(SolutionProperties) = preSolution
		HideSolutionNode = FALSE
	EndGlobalSection
	GlobalSection(ProjectConfigurationPlatforms) = postSolution
		{EF981681-8A83-4417-A066-C86A9B32C77D}.Debug|Any CPU.ActiveCfg = Debug|Any CPU
		{EF981681-8A83-4417-A066-C86A9B32C77D}.Debug|Any CPU.Build.0 = Debug|Any CPU
		{EF981681-8A83-4417-A066-C86A9B32C77D}.Release|Any CPU.ActiveCfg = Release|Any CPU
		{EF981681-8A83-4417-A066-C86A9B32C77D}.Release|Any CPU.Build.0 = Release|Any CPU
		{91A0F4E4-1010-4A7C-A59D-431A0F19D18D}.Debug|Any CPU.ActiveCfg = Debug|Any CPU
		{91A0F4E4-1010-4A7C-A59D-431A0F19D18D}.Debug|Any CPU.Build.0 = Debug|Any CPU
		{91A0F4E4-1010-4A7C-A59D-431A0F19D18D}.Release|Any CPU.ActiveCfg = Release|Any CPU
		{91A0F4E4-1010-4A7C-A59D-431A0F19D18D}.Release|Any CPU.Build.0 = Release|Any CPU
		{DE2E9329-4E20-4CA0-9FDE-2C29D49D7FC8}.Debug|Any CPU.ActiveCfg = Debug|Any CPU
		{DE2E9329-4E20-4CA0-9FDE-2C29D49D7FC8}.Debug|Any CPU.Build.0 = Debug|Any CPU
		{DE2E9329-4E20-4CA0-9FDE-2C29D49D7FC8}.Release|Any CPU.ActiveCfg = Release|Any CPU
		{DE2E9329-4E20-4CA0-9FDE-2C29D49D7FC8}.Release|Any CPU.Build.0 = Release|Any CPU
		{AE3D4126-0B29-4F22-9983-11CE53821B0D}.Debug|Any CPU.ActiveCfg = Debug|Any CPU
		{AE3D4126-0B29-4F22-9983-11CE53821B0D}.Debug|Any CPU.Build.0 = Debug|Any CPU
		{AE3D4126-0B29-4F22-9983-11CE53821B0D}.Release|Any CPU.ActiveCfg = Release|Any CPU
		{AE3D4126-0B29-4F22-9983-11CE53821B0D}.Release|Any CPU.Build.0 = Release|Any CPU
		{F0B42B1E-2F0D-411E-86CC-A332D15B3DB5}.Debug|Any CPU.ActiveCfg = Debug|Any CPU
		{F0B42B1E-2F0D-411E-86CC-A332D15B3DB5}.Debug|Any CPU.Build.0 = Debug|Any CPU
		{F0B42B1E-2F0D-411E-86CC-A332D15B3DB5}.Release|Any CPU.ActiveCfg = Release|Any CPU
		{F0B42B1E-2F0D-411E-86CC-A332D15B3DB5}.Release|Any CPU.Build.0 = Release|Any CPU
		{5D4D1C18-596D-43E6-9D13-DD50D9E2194E}.Debug|Any CPU.ActiveCfg = Debug|Any CPU
		{5D4D1C18-596D-43E6-9D13-DD50D9E2194E}.Debug|Any CPU.Build.0 = Debug|Any CPU
		{5D4D1C18-596D-43E6-9D13-DD50D9E2194E}.Release|Any CPU.ActiveCfg = Release|Any CPU
		{5D4D1C18-596D-43E6-9D13-DD50D9E2194E}.Release|Any CPU.Build.0 = Release|Any CPU
	EndGlobalSection
	GlobalSection(NestedProjects) = preSolution
		{EF981681-8A83-4417-A066-C86A9B32C77D} = {0581F00E-C99B-49A7-B9CA-B9F354E1B7A8}
		{91A0F4E4-1010-4A7C-A59D-431A0F19D18D} = {0581F00E-C99B-49A7-B9CA-B9F354E1B7A8}
		{DE2E9329-4E20-4CA0-9FDE-2C29D49D7FC8} = {0581F00E-C99B-49A7-B9CA-B9F354E1B7A8}
		{AE3D4126-0B29-4F22-9983-11CE53821B0D} = {0581F00E-C99B-49A7-B9CA-B9F354E1B7A8}
		{F0B42B1E-2F0D-411E-86CC-A332D15B3DB5} = {63A1A41E-F1BE-45F3-871B-02C2B58297A3}
		{5D4D1C18-596D-43E6-9D13-DD50D9E2194E} = {63A1A41E-F1BE-45F3-871B-02C2B58297A3}
	EndGlobalSection
EndGlobal
